
Microsoft Visual Studio Solution File, Format Version 12.00
# Visual Studio 15
VisualStudioVersion = 15.0.27004.2005
MinimumVisualStudioVersion = 10.0.40219.1
Project("{888888A0-9F3D-457C-B088-3A5042F75D52}") = "CNTK", "CNTK\CNTK.pyproj", "{5A00A8E3-7C25-431F-A200-671E4028BC28}"
EndProject
Global
	GlobalSection(SolutionConfigurationPlatforms) = preSolution
		Debug|Any CPU = Debug|Any CPU
		Release|Any CPU = Release|Any CPU
	EndGlobalSection
	GlobalSection(ProjectConfigurationPlatforms) = postSolution
		{5A00A8E3-7C25-431F-A200-671E4028BC28}.Debug|Any CPU.ActiveCfg = Debug|Any CPU
		{5A00A8E3-7C25-431F-A200-671E4028BC28}.Release|Any CPU.ActiveCfg = Release|Any CPU
	EndGlobalSection
	GlobalSection(SolutionProperties) = preSolution
		HideSolutionNode = FALSE
	EndGlobalSection
	GlobalSection(ExtensibilityGlobals) = postSolution
		SolutionGuid = {42CC5A29-14EA-4061-8CFD-2D65F8214241}
	EndGlobalSection
	GlobalSection(TeamFoundationVersionControl) = preSolution
		SccNumberOfProjects = 2
		SccEnterpriseProvider = {4CA58AB2-18FA-4F8D-95D4-32DDF27D184C}
		SccTeamFoundationServer = https://codedotnet.visualstudio.com/defaultcollection
		SccLocalPath0 = .
		SccProjectUniqueName1 = CNTK\\CNTK.pyproj
		SccProjectName1 = CNTK
		SccLocalPath1 = CNTK
	EndGlobalSection
EndGlobal
