
Microsoft Visual Studio Solution File, Format Version 12.00
# Visual Studio 15
VisualStudioVersion = 15.0.27004.2005
MinimumVisualStudioVersion = 10.0.40219.1
Project("{888888A0-9F3D-457C-B088-3A5042F75D52}") = "ComputationalStatisticsInPython", "ComputationalStatisticsInPython.pyproj", "{23678EAB-1F28-4E0E-96CD-1A77CEF5DEA9}"
EndProject
Global
	GlobalSection(SolutionConfigurationPlatforms) = preSolution
		Debug|Any CPU = Debug|Any CPU
		Release|Any CPU = Release|Any CPU
	EndGlobalSection
	GlobalSection(ProjectConfigurationPlatforms) = postSolution
		{23678EAB-1F28-4E0E-96CD-1A77CEF5DEA9}.Debug|Any CPU.ActiveCfg = Debug|Any CPU
		{23678EAB-1F28-4E0E-96CD-1A77CEF5DEA9}.Release|Any CPU.ActiveCfg = Release|Any CPU
	EndGlobalSection
	GlobalSection(SolutionProperties) = preSolution
		HideSolutionNode = FALSE
	EndGlobalSection
	GlobalSection(ExtensibilityGlobals) = postSolution
		SolutionGuid = {1D458295-DE30-40AE-9203-F7B1D52EF7F8}
	EndGlobalSection
	GlobalSection(TeamFoundationVersionControl) = preSolution
		SccNumberOfProjects = 1
		SccEnterpriseProvider = {4CA58AB2-18FA-4F8D-95D4-32DDF27D184C}
		SccTeamFoundationServer = https://codedotnet.visualstudio.com/defaultcollection
		SccProjectUniqueName0 = ComputationalStatisticsInPython.pyproj
		SccProjectName0 = .
		SccAuxPath0 = https://codedotnet.visualstudio.com/defaultcollection
		SccLocalPath0 = .
		SccProvider0 = {4CA58AB2-18FA-4F8D-95D4-32DDF27D184C}
	EndGlobalSection
EndGlobal
